// !$*UTF8*$!
{
	archiveVersion = 1;
	classes = {
	};
	objectVersion = 50;
	objects = {

/* Begin PBXBuildFile section */
		71777C0A218A2B3200D7F77C /* AppDelegate.swift in Sources */ = {isa = PBXBuildFile; fileRef = 71777C09218A2B3200D7F77C /* AppDelegate.swift */; };
		71777C0F218A2B3200D7F77C /* Main.storyboard in Resources */ = {isa = PBXBuildFile; fileRef = 71777C0D218A2B3200D7F77C /* Main.storyboard */; };
		71777C11218A2B3500D7F77C /* Assets.xcassets in Resources */ = {isa = PBXBuildFile; fileRef = 71777C10218A2B3500D7F77C /* Assets.xcassets */; };
		71777C14218A2B3500D7F77C /* LaunchScreen.storyboard in Resources */ = {isa = PBXBuildFile; fileRef = 71777C12218A2B3500D7F77C /* LaunchScreen.storyboard */; };
		71777C20218A314A00D7F77C /* MainNavController.swift in Sources */ = {isa = PBXBuildFile; fileRef = 71777C1F218A314A00D7F77C /* MainNavController.swift */; };
		71777C22218A4DB500D7F77C /* WifiListScreenViewController.swift in Sources */ = {isa = PBXBuildFile; fileRef = 71777C21218A4DB500D7F77C /* WifiListScreenViewController.swift */; };
		71777C25218A4DD600D7F77C /* wificell.swift in Sources */ = {isa = PBXBuildFile; fileRef = 71777C23218A4DD600D7F77C /* wificell.swift */; };
		71777C26218A4DD600D7F77C /* ssid.swift in Sources */ = {isa = PBXBuildFile; fileRef = 71777C24218A4DD600D7F77C /* ssid.swift */; };
		7178AAAF21A495E800D05BE6 /* SocketCom.swift in Sources */ = {isa = PBXBuildFile; fileRef = 7178AAAE21A495E800D05BE6 /* SocketCom.swift */; };
		719F8D892190F615006A39D7 /* passwordViewController.swift in Sources */ = {isa = PBXBuildFile; fileRef = 719F8D882190F615006A39D7 /* passwordViewController.swift */; };
		9193C353E2FAC95B08110291 /* Pods_ESP_ios_Wifi_select.framework in Frameworks */ = {isa = PBXBuildFile; fileRef = B8018967E17ADE2F300A1C19 /* Pods_ESP_ios_Wifi_select.framework */; };
/* End PBXBuildFile section */

/* Begin PBXFileReference section */
		2ECF9A66D5F4A5E55905B1AF /* Pods-ESP ios Wifi select.release.xcconfig */ = {isa = PBXFileReference; includeInIndex = 1; lastKnownFileType = text.xcconfig; name = "Pods-ESP ios Wifi select.release.xcconfig"; path = "Pods/Target Support Files/Pods-ESP ios Wifi select/Pods-ESP ios Wifi select.release.xcconfig"; sourceTree = "<group>"; };
		3569957FE8E93E8F240EB669 /* Pods-ESP ios Wifi select.debug.xcconfig */ = {isa = PBXFileReference; includeInIndex = 1; lastKnownFileType = text.xcconfig; name = "Pods-ESP ios Wifi select.debug.xcconfig"; path = "Pods/Target Support Files/Pods-ESP ios Wifi select/Pods-ESP ios Wifi select.debug.xcconfig"; sourceTree = "<group>"; };
		71777C06218A2B3200D7F77C /* ESP ios Wifi select.app */ = {isa = PBXFileReference; explicitFileType = wrapper.application; includeInIndex = 0; path = "ESP ios Wifi select.app"; sourceTree = BUILT_PRODUCTS_DIR; };
		71777C09218A2B3200D7F77C /* AppDelegate.swift */ = {isa = PBXFileReference; lastKnownFileType = sourcecode.swift; path = AppDelegate.swift; sourceTree = "<group>"; };
		71777C0E218A2B3200D7F77C /* Base */ = {isa = PBXFileReference; lastKnownFileType = file.storyboard; name = Base; path = Base.lproj/Main.storyboard; sourceTree = "<group>"; };
		71777C10218A2B3500D7F77C /* Assets.xcassets */ = {isa = PBXFileReference; lastKnownFileType = folder.assetcatalog; path = Assets.xcassets; sourceTree = "<group>"; };
		71777C13218A2B3500D7F77C /* Base */ = {isa = PBXFileReference; lastKnownFileType = file.storyboard; name = Base; path = Base.lproj/LaunchScreen.storyboard; sourceTree = "<group>"; };
		71777C15218A2B3500D7F77C /* Info.plist */ = {isa = PBXFileReference; lastKnownFileType = text.plist.xml; path = Info.plist; sourceTree = "<group>"; };
		71777C1F218A314A00D7F77C /* MainNavController.swift */ = {isa = PBXFileReference; lastKnownFileType = sourcecode.swift; path = MainNavController.swift; sourceTree = "<group>"; };
		71777C21218A4DB500D7F77C /* WifiListScreenViewController.swift */ = {isa = PBXFileReference; fileEncoding = 4; lastKnownFileType = sourcecode.swift; path = WifiListScreenViewController.swift; sourceTree = "<group>"; };
		71777C23218A4DD600D7F77C /* wificell.swift */ = {isa = PBXFileReference; fileEncoding = 4; lastKnownFileType = sourcecode.swift; path = wificell.swift; sourceTree = "<group>"; };
		71777C24218A4DD600D7F77C /* ssid.swift */ = {isa = PBXFileReference; fileEncoding = 4; lastKnownFileType = sourcecode.swift; path = ssid.swift; sourceTree = "<group>"; };
		7178AAAE21A495E800D05BE6 /* SocketCom.swift */ = {isa = PBXFileReference; lastKnownFileType = sourcecode.swift; path = SocketCom.swift; sourceTree = "<group>"; };
		719F8D882190F615006A39D7 /* passwordViewController.swift */ = {isa = PBXFileReference; lastKnownFileType = sourcecode.swift; path = passwordViewController.swift; sourceTree = "<group>"; };
		B8018967E17ADE2F300A1C19 /* Pods_ESP_ios_Wifi_select.framework */ = {isa = PBXFileReference; explicitFileType = wrapper.framework; includeInIndex = 0; path = Pods_ESP_ios_Wifi_select.framework; sourceTree = BUILT_PRODUCTS_DIR; };
/* End PBXFileReference section */

/* Begin PBXFrameworksBuildPhase section */
		71777C03218A2B3200D7F77C /* Frameworks */ = {
			isa = PBXFrameworksBuildPhase;
			buildActionMask = 2147483647;
			files = (
				9193C353E2FAC95B08110291 /* Pods_ESP_ios_Wifi_select.framework in Frameworks */,
			);
			runOnlyForDeploymentPostprocessing = 0;
		};
/* End PBXFrameworksBuildPhase section */

/* Begin PBXGroup section */
		28C6CF758B53BA50F89F2D1E /* Frameworks */ = {
			isa = PBXGroup;
			children = (
				B8018967E17ADE2F300A1C19 /* Pods_ESP_ios_Wifi_select.framework */,
			);
			name = Frameworks;
			sourceTree = "<group>";
		};
		71777BFD218A2B3200D7F77C = {
			isa = PBXGroup;
			children = (
				71777C08218A2B3200D7F77C /* ESP ios Wifi select */,
				71777C07218A2B3200D7F77C /* Products */,
				F1E900918584FD9C34CCB8D7 /* Pods */,
				28C6CF758B53BA50F89F2D1E /* Frameworks */,
			);
			sourceTree = "<group>";
		};
		71777C07218A2B3200D7F77C /* Products */ = {
			isa = PBXGroup;
			children = (
				71777C06218A2B3200D7F77C /* ESP ios Wifi select.app */,
			);
			name = Products;
			sourceTree = "<group>";
		};
		71777C08218A2B3200D7F77C /* ESP ios Wifi select */ = {
			isa = PBXGroup;
			children = (
				71777C1F218A314A00D7F77C /* MainNavController.swift */,
				71777C09218A2B3200D7F77C /* AppDelegate.swift */,
				71777C21218A4DB500D7F77C /* WifiListScreenViewController.swift */,
				71777C24218A4DD600D7F77C /* ssid.swift */,
				71777C23218A4DD600D7F77C /* wificell.swift */,
				71777C0D218A2B3200D7F77C /* Main.storyboard */,
				719F8D882190F615006A39D7 /* passwordViewController.swift */,
				71777C10218A2B3500D7F77C /* Assets.xcassets */,
				71777C12218A2B3500D7F77C /* LaunchScreen.storyboard */,
				71777C15218A2B3500D7F77C /* Info.plist */,
				7178AAAE21A495E800D05BE6 /* SocketCom.swift */,
			);
			path = "ESP ios Wifi select";
			sourceTree = "<group>";
		};
		F1E900918584FD9C34CCB8D7 /* Pods */ = {
			isa = PBXGroup;
			children = (
				3569957FE8E93E8F240EB669 /* Pods-ESP ios Wifi select.debug.xcconfig */,
				2ECF9A66D5F4A5E55905B1AF /* Pods-ESP ios Wifi select.release.xcconfig */,
			);
			name = Pods;
			sourceTree = "<group>";
		};
/* End PBXGroup section */

/* Begin PBXNativeTarget section */
		71777C05218A2B3200D7F77C /* ESP ios Wifi select */ = {
			isa = PBXNativeTarget;
			buildConfigurationList = 71777C18218A2B3500D7F77C /* Build configuration list for PBXNativeTarget "ESP ios Wifi select" */;
			buildPhases = (
				53AE050D19EA56FB8BD70E3D /* [CP] Check Pods Manifest.lock */,
				71777C02218A2B3200D7F77C /* Sources */,
				71777C03218A2B3200D7F77C /* Frameworks */,
				71777C04218A2B3200D7F77C /* Resources */,
				BE52DAF2A59E8A63CA51669D /* [CP] Embed Pods Frameworks */,
			);
			buildRules = (
			);
			dependencies = (
			);
			name = "ESP ios Wifi select";
			productName = "ESP ios Wifi select";
			productReference = 71777C06218A2B3200D7F77C /* ESP ios Wifi select.app */;
			productType = "com.apple.product-type.application";
		};
/* End PBXNativeTarget section */

/* Begin PBXProject section */
		71777BFE218A2B3200D7F77C /* Project object */ = {
			isa = PBXProject;
			attributes = {
				LastSwiftUpdateCheck = 1000;
				LastUpgradeCheck = 1000;
				ORGANIZATIONNAME = "Haxen Tech";
				TargetAttributes = {
					71777C05218A2B3200D7F77C = {
						CreatedOnToolsVersion = 10.0;
					};
				};
			};
			buildConfigurationList = 71777C01218A2B3200D7F77C /* Build configuration list for PBXProject "ESP ios Wifi select" */;
			compatibilityVersion = "Xcode 9.3";
			developmentRegion = en;
			hasScannedForEncodings = 0;
			knownRegions = (
				en,
				Base,
			);
			mainGroup = 71777BFD218A2B3200D7F77C;
			productRefGroup = 71777C07218A2B3200D7F77C /* Products */;
			projectDirPath = "";
			projectRoot = "";
			targets = (
				71777C05218A2B3200D7F77C /* ESP ios Wifi select */,
			);
		};
/* End PBXProject section */

/* Begin PBXResourcesBuildPhase section */
		71777C04218A2B3200D7F77C /* Resources */ = {
			isa = PBXResourcesBuildPhase;
			buildActionMask = 2147483647;
			files = (
				71777C14218A2B3500D7F77C /* LaunchScreen.storyboard in Resources */,
				71777C11218A2B3500D7F77C /* Assets.xcassets in Resources */,
				71777C0F218A2B3200D7F77C /* Main.storyboard in Resources */,
			);
			runOnlyForDeploymentPostprocessing = 0;
		};
/* End PBXResourcesBuildPhase section */

/* Begin PBXShellScriptBuildPhase section */
		53AE050D19EA56FB8BD70E3D /* [CP] Check Pods Manifest.lock */ = {
			isa = PBXShellScriptBuildPhase;
			buildActionMask = 2147483647;
			files = (
			);
			inputPaths = (
				"${PODS_PODFILE_DIR_PATH}/Podfile.lock",
				"${PODS_ROOT}/Manifest.lock",
			);
			name = "[CP] Check Pods Manifest.lock";
			outputPaths = (
				"$(DERIVED_FILE_DIR)/Pods-ESP ios Wifi select-checkManifestLockResult.txt",
			);
			runOnlyForDeploymentPostprocessing = 0;
			shellPath = /bin/sh;
			shellScript = "diff \"${PODS_PODFILE_DIR_PATH}/Podfile.lock\" \"${PODS_ROOT}/Manifest.lock\" > /dev/null\nif [ $? != 0 ] ; then\n    # print error to STDERR\n    echo \"error: The sandbox is not in sync with the Podfile.lock. Run 'pod install' or update your CocoaPods installation.\" >&2\n    exit 1\nfi\n# This output is used by Xcode 'outputs' to avoid re-running this script phase.\necho \"SUCCESS\" > \"${SCRIPT_OUTPUT_FILE_0}\"\n";
			showEnvVarsInLog = 0;
		};
		BE52DAF2A59E8A63CA51669D /* [CP] Embed Pods Frameworks */ = {
			isa = PBXShellScriptBuildPhase;
			buildActionMask = 2147483647;
			files = (
			);
			inputPaths = (
				"${SRCROOT}/Pods/Target Support Files/Pods-ESP ios Wifi select/Pods-ESP ios Wifi select-frameworks.sh",
				"${BUILT_PRODUCTS_DIR}/SwiftSocket/SwiftSocket.framework",
			);
			name = "[CP] Embed Pods Frameworks";
			outputPaths = (
				"${TARGET_BUILD_DIR}/${FRAMEWORKS_FOLDER_PATH}/SwiftSocket.framework",
			);
			runOnlyForDeploymentPostprocessing = 0;
			shellPath = /bin/sh;
			shellScript = "\"${SRCROOT}/Pods/Target Support Files/Pods-ESP ios Wifi select/Pods-ESP ios Wifi select-frameworks.sh\"\n";
			showEnvVarsInLog = 0;
		};
/* End PBXShellScriptBuildPhase section */

/* Begin PBXSourcesBuildPhase section */
		71777C02218A2B3200D7F77C /* Sources */ = {
			isa = PBXSourcesBuildPhase;
			buildActionMask = 2147483647;
			files = (
				71777C26218A4DD600D7F77C /* ssid.swift in Sources */,
				71777C25218A4DD600D7F77C /* wificell.swift in Sources */,
				71777C20218A314A00D7F77C /* MainNavController.swift in Sources */,
				7178AAAF21A495E800D05BE6 /* SocketCom.swift in Sources */,
				719F8D892190F615006A39D7 /* passwordViewController.swift in Sources */,
				71777C0A218A2B3200D7F77C /* AppDelegate.swift in Sources */,
				71777C22218A4DB500D7F77C /* WifiListScreenViewController.swift in Sources */,
			);
			runOnlyForDeploymentPostprocessing = 0;
		};
/* End PBXSourcesBuildPhase section */

/* Begin PBXVariantGroup section */
		71777C0D218A2B3200D7F77C /* Main.storyboard */ = {
			isa = PBXVariantGroup;
			children = (
				71777C0E218A2B3200D7F77C /* Base */,
			);
			name = Main.storyboard;
			sourceTree = "<group>";
		};
		71777C12218A2B3500D7F77C /* LaunchScreen.storyboard */ = {
			isa = PBXVariantGroup;
			children = (
				71777C13218A2B3500D7F77C /* Base */,
			);
			name = LaunchScreen.storyboard;
			sourceTree = "<group>";
		};
/* End PBXVariantGroup section */

/* Begin XCBuildConfiguration section */
		71777C16218A2B3500D7F77C /* Debug */ = {
			isa = XCBuildConfiguration;
			buildSettings = {
				ALWAYS_SEARCH_USER_PATHS = NO;
				CLANG_ANALYZER_NONNULL = YES;
				CLANG_ANALYZER_NUMBER_OBJECT_CONVERSION = YES_AGGRESSIVE;
				CLANG_CXX_LANGUAGE_STANDARD = "gnu++14";
				CLANG_CXX_LIBRARY = "libc++";
				CLANG_ENABLE_MODULES = YES;
				CLANG_ENABLE_OBJC_ARC = YES;
				CLANG_ENABLE_OBJC_WEAK = YES;
				CLANG_WARN_BLOCK_CAPTURE_AUTORELEASING = YES;
				CLANG_WARN_BOOL_CONVERSION = YES;
				CLANG_WARN_COMMA = YES;
				CLANG_WARN_CONSTANT_CONVERSION = YES;
				CLANG_WARN_DEPRECATED_OBJC_IMPLEMENTATIONS = YES;
				CLANG_WARN_DIRECT_OBJC_ISA_USAGE = YES_ERROR;
				CLANG_WARN_DOCUMENTATION_COMMENTS = YES;
				CLANG_WARN_EMPTY_BODY = YES;
				CLANG_WARN_ENUM_CONVERSION = YES;
				CLANG_WARN_INFINITE_RECURSION = YES;
				CLANG_WARN_INT_CONVERSION = YES;
				CLANG_WARN_NON_LITERAL_NULL_CONVERSION = YES;
				CLANG_WARN_OBJC_IMPLICIT_RETAIN_SELF = YES;
				CLANG_WARN_OBJC_LITERAL_CONVERSION = YES;
				CLANG_WARN_OBJC_ROOT_CLASS = YES_ERROR;
				CLANG_WARN_RANGE_LOOP_ANALYSIS = YES;
				CLANG_WARN_STRICT_PROTOTYPES = YES;
				CLANG_WARN_SUSPICIOUS_MOVE = YES;
				CLANG_WARN_UNGUARDED_AVAILABILITY = YES_AGGRESSIVE;
				CLANG_WARN_UNREACHABLE_CODE = YES;
				CLANG_WARN__DUPLICATE_METHOD_MATCH = YES;
				CODE_SIGN_IDENTITY = "iPhone Developer";
				COPY_PHASE_STRIP = NO;
				DEBUG_INFORMATION_FORMAT = dwarf;
				ENABLE_STRICT_OBJC_MSGSEND = YES;
				ENABLE_TESTABILITY = YES;
				GCC_C_LANGUAGE_STANDARD = gnu11;
				GCC_DYNAMIC_NO_PIC = NO;
				GCC_NO_COMMON_BLOCKS = YES;
				GCC_OPTIMIZATION_LEVEL = 0;
				GCC_PREPROCESSOR_DEFINITIONS = (
					"DEBUG=1",
					"$(inherited)",
				);
				GCC_WARN_64_TO_32_BIT_CONVERSION = YES;
				GCC_WARN_ABOUT_RETURN_TYPE = YES_ERROR;
				GCC_WARN_UNDECLARED_SELECTOR = YES;
				GCC_WARN_UNINITIALIZED_AUTOS = YES_AGGRESSIVE;
				GCC_WARN_UNUSED_FUNCTION = YES;
				GCC_WARN_UNUSED_VARIABLE = YES;
				IPHONEOS_DEPLOYMENT_TARGET = 12.0;
				MTL_ENABLE_DEBUG_INFO = INCLUDE_SOURCE;
				MTL_FAST_MATH = YES;
				ONLY_ACTIVE_ARCH = YES;
				SDKROOT = iphoneos;
				SWIFT_ACTIVE_COMPILATION_CONDITIONS = DEBUG;
				SWIFT_OPTIMIZATION_LEVEL = "-Onone";
			};
			name = Debug;
		};
		71777C17218A2B3500D7F77C /* Release */ = {
			isa = XCBuildConfiguration;
			buildSettings = {
				ALWAYS_SEARCH_USER_PATHS = NO;
				CLANG_ANALYZER_NONNULL = YES;
				CLANG_ANALYZER_NUMBER_OBJECT_CONVERSION = YES_AGGRESSIVE;
				CLANG_CXX_LANGUAGE_STANDARD = "gnu++14";
				CLANG_CXX_LIBRARY = "libc++";
				CLANG_ENABLE_MODULES = YES;
				CLANG_ENABLE_OBJC_ARC = YES;
				CLANG_ENABLE_OBJC_WEAK = YES;
				CLANG_WARN_BLOCK_CAPTURE_AUTORELEASING = YES;
				CLANG_WARN_BOOL_CONVERSION = YES;
				CLANG_WARN_COMMA = YES;
				CLANG_WARN_CONSTANT_CONVERSION = YES;
				CLANG_WARN_DEPRECATED_OBJC_IMPLEMENTATIONS = YES;
				CLANG_WARN_DIRECT_OBJC_ISA_USAGE = YES_ERROR;
				CLANG_WARN_DOCUMENTATION_COMMENTS = YES;
				CLANG_WARN_EMPTY_BODY = YES;
				CLANG_WARN_ENUM_CONVERSION = YES;
				CLANG_WARN_INFINITE_RECURSION = YES;
				CLANG_WARN_INT_CONVERSION = YES;
				CLANG_WARN_NON_LITERAL_NULL_CONVERSION = YES;
				CLANG_WARN_OBJC_IMPLICIT_RETAIN_SELF = YES;
				CLANG_WARN_OBJC_LITERAL_CONVERSION = YES;
				CLANG_WARN_OBJC_ROOT_CLASS = YES_ERROR;
				CLANG_WARN_RANGE_LOOP_ANALYSIS = YES;
				CLANG_WARN_STRICT_PROTOTYPES = YES;
				CLANG_WARN_SUSPICIOUS_MOVE = YES;
				CLANG_WARN_UNGUARDED_AVAILABILITY = YES_AGGRESSIVE;
				CLANG_WARN_UNREACHABLE_CODE = YES;
				CLANG_WARN__DUPLICATE_METHOD_MATCH = YES;
				CODE_SIGN_IDENTITY = "iPhone Developer";
				COPY_PHASE_STRIP = NO;
				DEBUG_INFORMATION_FORMAT = "dwarf-with-dsym";
				ENABLE_NS_ASSERTIONS = NO;
				ENABLE_STRICT_OBJC_MSGSEND = YES;
				GCC_C_LANGUAGE_STANDARD = gnu11;
				GCC_NO_COMMON_BLOCKS = YES;
				GCC_WARN_64_TO_32_BIT_CONVERSION = YES;
				GCC_WARN_ABOUT_RETURN_TYPE = YES_ERROR;
				GCC_WARN_UNDECLARED_SELECTOR = YES;
				GCC_WARN_UNINITIALIZED_AUTOS = YES_AGGRESSIVE;
				GCC_WARN_UNUSED_FUNCTION = YES;
				GCC_WARN_UNUSED_VARIABLE = YES;
				IPHONEOS_DEPLOYMENT_TARGET = 12.0;
				MTL_ENABLE_DEBUG_INFO = NO;
				MTL_FAST_MATH = YES;
				SDKROOT = iphoneos;
				SWIFT_COMPILATION_MODE = wholemodule;
				SWIFT_OPTIMIZATION_LEVEL = "-O";
				VALIDATE_PRODUCT = YES;
			};
			name = Release;
		};
		71777C19218A2B3500D7F77C /* Debug */ = {
			isa = XCBuildConfiguration;
			baseConfigurationReference = 3569957FE8E93E8F240EB669 /* Pods-ESP ios Wifi select.debug.xcconfig */;
			buildSettings = {
				ASSETCATALOG_COMPILER_APPICON_NAME = AppIcon;
				CODE_SIGN_STYLE = Automatic;
				DEVELOPMENT_TEAM = X2HZ7ZK4F7;
				INFOPLIST_FILE = "ESP ios Wifi select/Info.plist";
				LD_RUNPATH_SEARCH_PATHS = (
					"$(inherited)",
					"@executable_path/Frameworks",
				);
				PRODUCT_BUNDLE_IDENTIFIER = "com.HaxenTech.ESP-ios-Wifi-select";
				PRODUCT_NAME = "$(TARGET_NAME)";
				SWIFT_VERSION = 4.2;
				TARGETED_DEVICE_FAMILY = "1,2";
			};
			name = Debug;
		};
		71777C1A218A2B3500D7F77C /* Release */ = {
			isa = XCBuildConfiguration;
			baseConfigurationReference = 2ECF9A66D5F4A5E55905B1AF /* Pods-ESP ios Wifi select.release.xcconfig */;
			buildSettings = {
				ASSETCATALOG_COMPILER_APPICON_NAME = AppIcon;
				CODE_SIGN_STYLE = Automatic;
				DEVELOPMENT_TEAM = X2HZ7ZK4F7;
				INFOPLIST_FILE = "ESP ios Wifi select/Info.plist";
				LD_RUNPATH_SEARCH_PATHS = (
					"$(inherited)",
					"@executable_path/Frameworks",
				);
				PRODUCT_BUNDLE_IDENTIFIER = "com.HaxenTech.ESP-ios-Wifi-select";
				PRODUCT_NAME = "$(TARGET_NAME)";
				SWIFT_VERSION = 4.2;
				TARGETED_DEVICE_FAMILY = "1,2";
			};
			name = Release;
		};
/* End XCBuildConfiguration section */

/* Begin XCConfigurationList section */
		71777C01218A2B3200D7F77C /* Build configuration list for PBXProject "ESP ios Wifi select" */ = {
			isa = XCConfigurationList;
			buildConfigurations = (
				71777C16218A2B3500D7F77C /* Debug */,
				71777C17218A2B3500D7F77C /* Release */,
			);
			defaultConfigurationIsVisible = 0;
			defaultConfigurationName = Release;
		};
		71777C18218A2B3500D7F77C /* Build configuration list for PBXNativeTarget "ESP ios Wifi select" */ = {
			isa = XCConfigurationList;
			buildConfigurations = (
				71777C19218A2B3500D7F77C /* Debug */,
				71777C1A218A2B3500D7F77C /* Release */,
			);
			defaultConfigurationIsVisible = 0;
			defaultConfigurationName = Release;
		};
/* End XCConfigurationList section */
	};
	rootObject = 71777BFE218A2B3200D7F77C /* Project object */;
}
